{
  "version": 4,
  "terraform_version": "0.12.10",
  "serial": 66,
  "lineage": "68462a72-1640-dd7d-f453-dd2c43962a27",
  "outputs": {
    "kubeone_api": {
      "value": {
        "endpoint": "udagram-app-api-lb-40a980ba0f84587c.elb.us-west-2.amazonaws.com"
      },
      "type": [
        "object",
        {
          "endpoint": "string"
        }
      ]
    },
    "kubeone_hosts": {
      "value": {
        "control_plane": {
          "cloud_provider": "aws",
          "cluster_name": "udagram-app",
          "hostnames": [
            "ip-172-31-60-105.us-west-2.compute.internal",
            "ip-172-31-29-200.us-west-2.compute.internal",
            "ip-172-31-7-16.us-west-2.compute.internal"
          ],
          "private_address": [
            "172.31.60.105",
            "172.31.29.200",
            "172.31.7.16"
          ],
          "public_address": [
            "54.213.159.196",
            "54.200.158.132",
            "34.213.40.92"
          ],
          "ssh_agent_socket": "env:SSH_AUTH_SOCK",
          "ssh_port": 22,
          "ssh_private_key_file": "",
          "ssh_user": "ubuntu"
        }
      },
      "type": [
        "object",
        {
          "control_plane": [
            "object",
            {
              "cloud_provider": "string",
              "cluster_name": "string",
              "hostnames": [
                "tuple",
                [
                  "string",
                  "string",
                  "string"
                ]
              ],
              "private_address": [
                "tuple",
                [
                  "string",
                  "string",
                  "string"
                ]
              ],
              "public_address": [
                "tuple",
                [
                  "string",
                  "string",
                  "string"
                ]
              ],
              "ssh_agent_socket": "string",
              "ssh_port": "number",
              "ssh_private_key_file": "string",
              "ssh_user": "string"
            }
          ]
        }
      ]
    },
    "kubeone_workers": {
      "value": {
        "udagram-app-pool1": {
          "providerSpec": {
            "cloudProviderSpec": {
              "ami": "ami-0edf3b95e26a682df",
              "availabilityZone": "us-west-2a",
              "diskIops": 500,
              "diskSize": 50,
              "diskType": "gp2",
              "instanceProfile": "udagram-app-host",
              "instanceType": "t3.medium",
              "region": "us-west-2",
              "securityGroupIDs": [
                "sg-08b921093874876b7"
              ],
              "subnetId": "subnet-09dfd042",
              "tags": {
                "udagram-app-workers": "pool1"
              },
              "vpcId": "vpc-37f6664f"
            },
            "operatingSystem": "ubuntu",
            "operatingSystemSpec": {
              "distUpgradeOnBoot": false
            },
            "sshPublicKeys": [
              "ssh-rsa AAAAB3NzaC1yc2EAAAADAQABAAABAQDDT0R6KI7j5t8hsBiiw5mgRMwSjkuR8v/Pa5neLMGHsZkqZENHkAV8xxiFPrxJVIcwZquC01oan8z57VqE2qDr8IeO/IN684vofKMKtrTCBToaMMTuiZXjCjleHGWHWK5so2//bCW/HTkas8Ob8d3PdZh6IOAyAgtsc8CFvBrPnfJWmd73C+XrZkLxFvS3wmK6bXKv5JRK9m9fazGuKobMKmvaa1nv5C7WJqNW3W4+wm6ZwS3sUvXWojrZP/Uu35jypy4gwqsv0zZ3yz/3DhGXaeRk890ygzQF7DPJrJUtnHKAZhyBtMoMWsUb86c6G3YHbLDe7WgSf5jWuS9243r3 adipster@adipster-Predator-G3-710"
            ]
          },
          "replicas": 1
        }
      },
      "type": [
        "object",
        {
          "udagram-app-pool1": [
            "object",
            {
              "providerSpec": [
                "object",
                {
                  "cloudProviderSpec": [
                    "object",
                    {
                      "ami": "string",
                      "availabilityZone": "string",
                      "diskIops": "number",
                      "diskSize": "number",
                      "diskType": "string",
                      "instanceProfile": "string",
                      "instanceType": "string",
                      "region": "string",
                      "securityGroupIDs": [
                        "tuple",
                        [
                          "string"
                        ]
                      ],
                      "subnetId": "string",
                      "tags": [
                        "object",
                        {
                          "udagram-app-workers": "string"
                        }
                      ],
                      "vpcId": "string"
                    }
                  ],
                  "operatingSystem": "string",
                  "operatingSystemSpec": [
                    "object",
                    {
                      "distUpgradeOnBoot": "bool"
                    }
                  ],
                  "sshPublicKeys": [
                    "tuple",
                    [
                      "string"
                    ]
                  ]
                }
              ],
              "replicas": "number"
            }
          ]
        }
      ]
    }
  },
  "resources": [
    {
      "mode": "data",
      "type": "aws_ami",
      "name": "ubuntu",
      "provider": "provider.aws",
      "instances": [
        {
          "schema_version": 0,
          "attributes": {
            "architecture": "x86_64",
            "block_device_mappings": [
              {
                "device_name": "/dev/sda1",
                "ebs": {
                  "delete_on_termination": "true",
                  "encrypted": "false",
                  "iops": "0",
                  "snapshot_id": "snap-0e815e317bc1e2a81",
                  "volume_size": "8",
                  "volume_type": "gp2"
                },
                "no_device": "",
                "virtual_name": ""
              },
              {
                "device_name": "/dev/sdb",
                "ebs": {},
                "no_device": "",
                "virtual_name": "ephemeral0"
              },
              {
                "device_name": "/dev/sdc",
                "ebs": {},
                "no_device": "",
                "virtual_name": "ephemeral1"
              }
            ],
            "creation_date": "2020-02-04T18:52:12.000Z",
            "description": "Canonical, Ubuntu, 18.04 LTS, amd64 bionic image build on 2020-01-31",
            "executable_users": null,
            "filter": [
              {
                "name": "name",
                "values": [
                  "ubuntu/images/hvm-ssd/ubuntu-bionic-18.04-amd64-server-*"
                ]
              },
              {
                "name": "virtualization-type",
                "values": [
                  "hvm"
                ]
              }
            ],
            "hypervisor": "xen",
            "id": "ami-0edf3b95e26a682df",
            "image_id": "ami-0edf3b95e26a682df",
            "image_location": "099720109477/ubuntu/images/hvm-ssd/ubuntu-bionic-18.04-amd64-server-20200131",
            "image_owner_alias": null,
            "image_type": "machine",
            "kernel_id": null,
            "most_recent": true,
            "name": "ubuntu/images/hvm-ssd/ubuntu-bionic-18.04-amd64-server-20200131",
            "name_regex": null,
            "owner_id": "099720109477",
            "owners": [
              "099720109477"
            ],
            "platform": null,
            "product_codes": [],
            "public": true,
            "ramdisk_id": null,
            "root_device_name": "/dev/sda1",
            "root_device_type": "ebs",
            "root_snapshot_id": "snap-0e815e317bc1e2a81",
            "sriov_net_support": "simple",
            "state": "available",
            "state_reason": {
              "code": "UNSET",
              "message": "UNSET"
            },
            "tags": {},
            "virtualization_type": "hvm"
          }
        }
      ]
    },
    {
      "mode": "data",
      "type": "aws_availability_zones",
      "name": "available",
      "provider": "provider.aws",
      "instances": [
        {
          "schema_version": 0,
          "attributes": {
            "blacklisted_names": null,
            "blacklisted_zone_ids": null,
            "id": "2020-02-21 03:04:53.439437511 +0000 UTC",
            "names": [
              "us-west-2a",
              "us-west-2b",
              "us-west-2c",
              "us-west-2d"
            ],
            "state": null,
            "zone_ids": [
              "usw2-az2",
              "usw2-az1",
              "usw2-az3",
              "usw2-az4"
            ]
          }
        }
      ]
    },
    {
      "mode": "data",
      "type": "aws_subnet",
      "name": "az_a",
      "provider": "provider.aws",
      "instances": [
        {
          "schema_version": 0,
          "attributes": {
            "arn": "arn:aws:ec2:us-west-2:095985447969:subnet/subnet-09dfd042",
            "assign_ipv6_address_on_creation": false,
            "availability_zone": "us-west-2a",
            "availability_zone_id": "usw2-az2",
            "cidr_block": "172.31.48.0/20",
            "default_for_az": true,
            "filter": null,
            "id": "subnet-09dfd042",
            "ipv6_cidr_block": null,
            "ipv6_cidr_block_association_id": null,
            "map_public_ip_on_launch": true,
            "owner_id": "095985447969",
            "state": "available",
            "tags": {},
            "vpc_id": "vpc-37f6664f"
          }
        }
      ]
    },
    {
      "mode": "data",
      "type": "aws_subnet",
      "name": "az_b",
      "provider": "provider.aws",
      "instances": [
        {
          "schema_version": 0,
          "attributes": {
            "arn": "arn:aws:ec2:us-west-2:095985447969:subnet/subnet-f1799b89",
            "assign_ipv6_address_on_creation": false,
            "availability_zone": "us-west-2b",
            "availability_zone_id": "usw2-az1",
            "cidr_block": "172.31.16.0/20",
            "default_for_az": true,
            "filter": null,
            "id": "subnet-f1799b89",
            "ipv6_cidr_block": null,
            "ipv6_cidr_block_association_id": null,
            "map_public_ip_on_launch": true,
            "owner_id": "095985447969",
            "state": "available",
            "tags": {},
            "vpc_id": "vpc-37f6664f"
          }
        }
      ]
    },
    {
      "mode": "data",
      "type": "aws_subnet",
      "name": "az_c",
      "provider": "provider.aws",
      "instances": [
        {
          "schema_version": 0,
          "attributes": {
            "arn": "arn:aws:ec2:us-west-2:095985447969:subnet/subnet-25897578",
            "assign_ipv6_address_on_creation": false,
            "availability_zone": "us-west-2c",
            "availability_zone_id": "usw2-az3",
            "cidr_block": "172.31.0.0/20",
            "default_for_az": true,
            "filter": null,
            "id": "subnet-25897578",
            "ipv6_cidr_block": null,
            "ipv6_cidr_block_association_id": null,
            "map_public_ip_on_launch": true,
            "owner_id": "095985447969",
            "state": "available",
            "tags": {},
            "vpc_id": "vpc-37f6664f"
          }
        }
      ]
    },
    {
      "mode": "data",
      "type": "aws_subnet_ids",
      "name": "default",
      "provider": "provider.aws",
      "instances": [
        {
          "schema_version": 0,
          "attributes": {
            "filter": null,
            "id": "vpc-37f6664f",
            "ids": [
              "subnet-09dfd042",
              "subnet-1fa4d034",
              "subnet-25897578",
              "subnet-f1799b89"
            ],
            "tags": null,
            "vpc_id": "vpc-37f6664f"
          }
        }
      ]
    },
    {
      "mode": "managed",
      "type": "aws_default_vpc",
      "name": "default",
      "provider": "provider.aws",
      "instances": [
        {
          "schema_version": 1,
          "attributes": {
            "arn": "arn:aws:ec2:us-west-2:095985447969:vpc/vpc-37f6664f",
            "assign_generated_ipv6_cidr_block": false,
            "cidr_block": "172.31.0.0/16",
            "default_network_acl_id": "acl-340ee64f",
            "default_route_table_id": "rtb-44d0a23f",
            "default_security_group_id": "sg-0402ec42",
            "dhcp_options_id": "dopt-31dc5549",
            "enable_classiclink": false,
            "enable_classiclink_dns_support": false,
            "enable_dns_hostnames": true,
            "enable_dns_support": true,
            "id": "vpc-37f6664f",
            "instance_tenancy": "default",
            "ipv6_association_id": "",
            "ipv6_cidr_block": "",
            "main_route_table_id": "rtb-44d0a23f",
            "owner_id": "095985447969",
            "tags": null
          },
          "private": "eyJzY2hlbWFfdmVyc2lvbiI6IjEifQ=="
        }
      ]
    },
    {
      "mode": "managed",
      "type": "aws_iam_instance_profile",
      "name": "profile",
      "provider": "provider.aws",
      "instances": [
        {
          "schema_version": 0,
          "attributes": {
            "arn": "arn:aws:iam::095985447969:instance-profile/udagram-app-host",
            "create_date": "2020-02-21T03:05:15Z",
            "id": "udagram-app-host",
            "name": "udagram-app-host",
            "name_prefix": null,
            "path": "/",
            "role": "udagram-app-host",
            "roles": [],
            "unique_id": "AIPARMWJNWQQQPYEIIBCY"
          },
          "private": "bnVsbA==",
          "depends_on": [
            "aws_iam_role.role"
          ]
        }
      ]
    },
    {
      "mode": "managed",
      "type": "aws_iam_role",
      "name": "role",
      "provider": "provider.aws",
      "instances": [
        {
          "schema_version": 0,
          "attributes": {
            "arn": "arn:aws:iam::095985447969:role/udagram-app-host",
            "assume_role_policy": "{\"Version\":\"2012-10-17\",\"Statement\":[{\"Sid\":\"\",\"Effect\":\"Allow\",\"Principal\":{\"Service\":\"ec2.amazonaws.com\"},\"Action\":\"sts:AssumeRole\"}]}",
            "create_date": "2020-02-21T03:05:13Z",
            "description": "",
            "force_detach_policies": false,
            "id": "udagram-app-host",
            "max_session_duration": 3600,
            "name": "udagram-app-host",
            "name_prefix": null,
            "path": "/",
            "permissions_boundary": null,
            "tags": null,
            "unique_id": "AROARMWJNWQQQ3SGHBMXO"
          },
          "private": "bnVsbA=="
        }
      ]
    },
    {
      "mode": "managed",
      "type": "aws_iam_role_policy",
      "name": "policy",
      "provider": "provider.aws",
      "instances": [
        {
          "schema_version": 0,
          "attributes": {
            "id": "udagram-app-host:udagram-app-host",
            "name": "udagram-app-host",
            "name_prefix": null,
            "policy": "{\n  \"Version\": \"2012-10-17\",\n  \"Statement\": [\n    {\n      \"Effect\": \"Allow\",\n      \"Action\": [\"ec2:*\"],\n      \"Resource\": [\"*\"]\n    },\n    {\n      \"Effect\": \"Allow\",\n      \"Action\": [\"elasticloadbalancing:*\"],\n      \"Resource\": [\"*\"]\n    }\n  ]\n}\n",
            "role": "udagram-app-host"
          },
          "private": "bnVsbA==",
          "depends_on": [
            "aws_iam_role.role"
          ]
        }
      ]
    },
    {
      "mode": "managed",
      "type": "aws_instance",
      "name": "control_plane",
      "each": "list",
      "provider": "provider.aws",
      "instances": [
        {
          "index_key": 0,
          "schema_version": 1,
          "attributes": {
            "ami": "ami-0edf3b95e26a682df",
            "arn": "arn:aws:ec2:us-west-2:095985447969:instance/i-0f70893a2838f2059",
            "associate_public_ip_address": true,
            "availability_zone": "us-west-2a",
            "cpu_core_count": 1,
            "cpu_threads_per_core": 2,
            "credit_specification": [
              {
                "cpu_credits": "unlimited"
              }
            ],
            "disable_api_termination": false,
            "ebs_block_device": [],
            "ebs_optimized": true,
            "ephemeral_block_device": [],
            "get_password_data": false,
            "hibernation": false,
            "host_id": null,
            "iam_instance_profile": "udagram-app-host",
            "id": "i-0f70893a2838f2059",
            "instance_initiated_shutdown_behavior": null,
            "instance_state": "running",
            "instance_type": "t3.medium",
            "ipv6_address_count": 0,
            "ipv6_addresses": [],
            "key_name": "udagram-app-deployer-key",
            "monitoring": false,
            "network_interface": [],
            "network_interface_id": null,
            "password_data": "",
            "placement_group": "",
            "primary_network_interface_id": "eni-037bb4afbffea7e21",
            "private_dns": "ip-172-31-60-105.us-west-2.compute.internal",
            "private_ip": "172.31.60.105",
            "public_dns": "ec2-54-213-159-196.us-west-2.compute.amazonaws.com",
            "public_ip": "54.213.159.196",
            "root_block_device": [
              {
                "delete_on_termination": true,
                "encrypted": false,
                "iops": 300,
                "kms_key_id": "",
                "volume_id": "vol-0f9613beeb5b7cd3c",
                "volume_size": 100,
                "volume_type": "gp2"
              }
            ],
            "security_groups": [
              "udagram-app-common",
              "udagram-app-control_planes"
            ],
            "source_dest_check": true,
            "subnet_id": "subnet-09dfd042",
            "tags": {
              "Name": "udagram-app-control_plane-1",
              "kubernetes.io/cluster/udagram-app": "shared"
            },
            "tenancy": "default",
            "timeouts": null,
            "user_data": null,
            "user_data_base64": null,
            "volume_tags": {},
            "vpc_security_group_ids": [
              "sg-0807dddcf5d28200f",
              "sg-08b921093874876b7"
            ]
          },
          "private": "eyJlMmJmYjczMC1lY2FhLTExZTYtOGY4OC0zNDM2M2JjN2M0YzAiOnsiY3JlYXRlIjo2MDAwMDAwMDAwMDAsImRlbGV0ZSI6MTIwMDAwMDAwMDAwMCwidXBkYXRlIjo2MDAwMDAwMDAwMDB9LCJzY2hlbWFfdmVyc2lvbiI6IjEifQ==",
          "depends_on": [
            "aws_iam_instance_profile.profile",
            "aws_key_pair.deployer",
            "aws_security_group.common",
            "aws_security_group.control_plane",
            "data.aws_availability_zones.available"
          ]
        },
        {
          "index_key": 1,
          "schema_version": 1,
          "attributes": {
            "ami": "ami-0edf3b95e26a682df",
            "arn": "arn:aws:ec2:us-west-2:095985447969:instance/i-069aaa36dfd261a5b",
            "associate_public_ip_address": true,
            "availability_zone": "us-west-2b",
            "cpu_core_count": 1,
            "cpu_threads_per_core": 2,
            "credit_specification": [
              {
                "cpu_credits": "unlimited"
              }
            ],
            "disable_api_termination": false,
            "ebs_block_device": [],
            "ebs_optimized": true,
            "ephemeral_block_device": [],
            "get_password_data": false,
            "hibernation": false,
            "host_id": null,
            "iam_instance_profile": "udagram-app-host",
            "id": "i-069aaa36dfd261a5b",
            "instance_initiated_shutdown_behavior": null,
            "instance_state": "running",
            "instance_type": "t3.medium",
            "ipv6_address_count": 0,
            "ipv6_addresses": [],
            "key_name": "udagram-app-deployer-key",
            "monitoring": false,
            "network_interface": [],
            "network_interface_id": null,
            "password_data": "",
            "placement_group": "",
            "primary_network_interface_id": "eni-094d9dc0505b229cd",
            "private_dns": "ip-172-31-29-200.us-west-2.compute.internal",
            "private_ip": "172.31.29.200",
            "public_dns": "ec2-54-200-158-132.us-west-2.compute.amazonaws.com",
            "public_ip": "54.200.158.132",
            "root_block_device": [
              {
                "delete_on_termination": true,
                "encrypted": false,
                "iops": 300,
                "kms_key_id": "",
                "volume_id": "vol-0f1f817a8f92ca8c3",
                "volume_size": 100,
                "volume_type": "gp2"
              }
            ],
            "security_groups": [
              "udagram-app-common",
              "udagram-app-control_planes"
            ],
            "source_dest_check": true,
            "subnet_id": "subnet-f1799b89",
            "tags": {
              "Name": "udagram-app-control_plane-2",
              "kubernetes.io/cluster/udagram-app": "shared"
            },
            "tenancy": "default",
            "timeouts": null,
            "user_data": null,
            "user_data_base64": null,
            "volume_tags": {},
            "vpc_security_group_ids": [
              "sg-0807dddcf5d28200f",
              "sg-08b921093874876b7"
            ]
          },
          "private": "eyJlMmJmYjczMC1lY2FhLTExZTYtOGY4OC0zNDM2M2JjN2M0YzAiOnsiY3JlYXRlIjo2MDAwMDAwMDAwMDAsImRlbGV0ZSI6MTIwMDAwMDAwMDAwMCwidXBkYXRlIjo2MDAwMDAwMDAwMDB9LCJzY2hlbWFfdmVyc2lvbiI6IjEifQ==",
          "depends_on": [
            "aws_iam_instance_profile.profile",
            "aws_key_pair.deployer",
            "aws_security_group.common",
            "aws_security_group.control_plane",
            "data.aws_availability_zones.available"
          ]
        },
        {
          "index_key": 2,
          "schema_version": 1,
          "attributes": {
            "ami": "ami-0edf3b95e26a682df",
            "arn": "arn:aws:ec2:us-west-2:095985447969:instance/i-0281c3b5ff230f600",
            "associate_public_ip_address": true,
            "availability_zone": "us-west-2c",
            "cpu_core_count": 1,
            "cpu_threads_per_core": 2,
            "credit_specification": [
              {
                "cpu_credits": "unlimited"
              }
            ],
            "disable_api_termination": false,
            "ebs_block_device": [],
            "ebs_optimized": true,
            "ephemeral_block_device": [],
            "get_password_data": false,
            "hibernation": false,
            "host_id": null,
            "iam_instance_profile": "udagram-app-host",
            "id": "i-0281c3b5ff230f600",
            "instance_initiated_shutdown_behavior": null,
            "instance_state": "running",
            "instance_type": "t3.medium",
            "ipv6_address_count": 0,
            "ipv6_addresses": [],
            "key_name": "udagram-app-deployer-key",
            "monitoring": false,
            "network_interface": [],
            "network_interface_id": null,
            "password_data": "",
            "placement_group": "",
            "primary_network_interface_id": "eni-0404adf393877a158",
            "private_dns": "ip-172-31-7-16.us-west-2.compute.internal",
            "private_ip": "172.31.7.16",
            "public_dns": "ec2-34-213-40-92.us-west-2.compute.amazonaws.com",
            "public_ip": "34.213.40.92",
            "root_block_device": [
              {
                "delete_on_termination": true,
                "encrypted": false,
                "iops": 300,
                "kms_key_id": "",
                "volume_id": "vol-0fba0d3cb8a665847",
                "volume_size": 100,
                "volume_type": "gp2"
              }
            ],
            "security_groups": [
              "udagram-app-common",
              "udagram-app-control_planes"
            ],
            "source_dest_check": true,
            "subnet_id": "subnet-25897578",
            "tags": {
              "Name": "udagram-app-control_plane-3",
              "kubernetes.io/cluster/udagram-app": "shared"
            },
            "tenancy": "default",
            "timeouts": null,
            "user_data": null,
            "user_data_base64": null,
            "volume_tags": {},
            "vpc_security_group_ids": [
              "sg-0807dddcf5d28200f",
              "sg-08b921093874876b7"
            ]
          },
          "private": "eyJlMmJmYjczMC1lY2FhLTExZTYtOGY4OC0zNDM2M2JjN2M0YzAiOnsiY3JlYXRlIjo2MDAwMDAwMDAwMDAsImRlbGV0ZSI6MTIwMDAwMDAwMDAwMCwidXBkYXRlIjo2MDAwMDAwMDAwMDB9LCJzY2hlbWFfdmVyc2lvbiI6IjEifQ==",
          "depends_on": [
            "aws_iam_instance_profile.profile",
            "aws_key_pair.deployer",
            "aws_security_group.common",
            "aws_security_group.control_plane",
            "data.aws_availability_zones.available"
          ]
        }
      ]
    },
    {
      "mode": "managed",
      "type": "aws_key_pair",
      "name": "deployer",
      "provider": "provider.aws",
      "instances": [
        {
          "schema_version": 1,
          "attributes": {
            "fingerprint": "e1:eb:44:ad:5b:27:65:00:c5:d1:8b:71:23:98:84:20",
            "id": "udagram-app-deployer-key",
            "key_name": "udagram-app-deployer-key",
            "key_name_prefix": null,
            "key_pair_id": "key-0ebe5ad3f6edcc431",
            "public_key": "ssh-rsa AAAAB3NzaC1yc2EAAAADAQABAAABAQDDT0R6KI7j5t8hsBiiw5mgRMwSjkuR8v/Pa5neLMGHsZkqZENHkAV8xxiFPrxJVIcwZquC01oan8z57VqE2qDr8IeO/IN684vofKMKtrTCBToaMMTuiZXjCjleHGWHWK5so2//bCW/HTkas8Ob8d3PdZh6IOAyAgtsc8CFvBrPnfJWmd73C+XrZkLxFvS3wmK6bXKv5JRK9m9fazGuKobMKmvaa1nv5C7WJqNW3W4+wm6ZwS3sUvXWojrZP/Uu35jypy4gwqsv0zZ3yz/3DhGXaeRk890ygzQF7DPJrJUtnHKAZhyBtMoMWsUb86c6G3YHbLDe7WgSf5jWuS9243r3 adipster@adipster-Predator-G3-710",
            "tags": null
          },
          "private": "eyJzY2hlbWFfdmVyc2lvbiI6IjEifQ=="
        }
      ]
    },
    {
      "mode": "managed",
      "type": "aws_lb",
      "name": "control_plane",
      "provider": "provider.aws",
      "instances": [
        {
          "schema_version": 0,
          "attributes": {
            "access_logs": [
              {
                "bucket": "",
                "enabled": false,
                "prefix": ""
              }
            ],
            "arn": "arn:aws:elasticloadbalancing:us-west-2:095985447969:loadbalancer/net/udagram-app-api-lb/40a980ba0f84587c",
            "arn_suffix": "net/udagram-app-api-lb/40a980ba0f84587c",
            "dns_name": "udagram-app-api-lb-40a980ba0f84587c.elb.us-west-2.amazonaws.com",
            "enable_cross_zone_load_balancing": false,
            "enable_deletion_protection": false,
            "enable_http2": null,
            "id": "arn:aws:elasticloadbalancing:us-west-2:095985447969:loadbalancer/net/udagram-app-api-lb/40a980ba0f84587c",
            "idle_timeout": null,
            "internal": false,
            "ip_address_type": "ipv4",
            "load_balancer_type": "network",
            "name": "udagram-app-api-lb",
            "name_prefix": null,
            "security_groups": [],
            "subnet_mapping": [
              {
                "allocation_id": "",
                "subnet_id": "subnet-09dfd042"
              },
              {
                "allocation_id": "",
                "subnet_id": "subnet-25897578"
              },
              {
                "allocation_id": "",
                "subnet_id": "subnet-f1799b89"
              }
            ],
            "subnets": [
              "subnet-09dfd042",
              "subnet-25897578",
              "subnet-f1799b89"
            ],
            "tags": {
              "Cluster": "udagram-app",
              "kubernetes.io/cluster/udagram-app": "shared"
            },
            "timeouts": null,
            "vpc_id": "vpc-37f6664f",
            "zone_id": "Z18D5FSROUN65G"
          },
          "private": "eyJlMmJmYjczMC1lY2FhLTExZTYtOGY4OC0zNDM2M2JjN2M0YzAiOnsiY3JlYXRlIjo2MDAwMDAwMDAwMDAsImRlbGV0ZSI6NjAwMDAwMDAwMDAwLCJ1cGRhdGUiOjYwMDAwMDAwMDAwMH19"
        }
      ]
    },
    {
      "mode": "managed",
      "type": "aws_lb_listener",
      "name": "control_plane_api",
      "provider": "provider.aws",
      "instances": [
        {
          "schema_version": 0,
          "attributes": {
            "arn": "arn:aws:elasticloadbalancing:us-west-2:095985447969:listener/net/udagram-app-api-lb/40a980ba0f84587c/10440d875244a970",
            "certificate_arn": null,
            "default_action": [
              {
                "authenticate_cognito": [],
                "authenticate_oidc": [],
                "fixed_response": [],
                "order": 1,
                "redirect": [],
                "target_group_arn": "arn:aws:elasticloadbalancing:us-west-2:095985447969:targetgroup/udagram-app-api/600a8761e49255c0",
                "type": "forward"
              }
            ],
            "id": "arn:aws:elasticloadbalancing:us-west-2:095985447969:listener/net/udagram-app-api-lb/40a980ba0f84587c/10440d875244a970",
            "load_balancer_arn": "arn:aws:elasticloadbalancing:us-west-2:095985447969:loadbalancer/net/udagram-app-api-lb/40a980ba0f84587c",
            "port": 6443,
            "protocol": "TCP",
            "ssl_policy": "",
            "timeouts": null
          },
          "private": "eyJlMmJmYjczMC1lY2FhLTExZTYtOGY4OC0zNDM2M2JjN2M0YzAiOnsicmVhZCI6NjAwMDAwMDAwMDAwfX0=",
          "depends_on": [
            "aws_lb.control_plane",
            "aws_lb_target_group.control_plane_api"
          ]
        }
      ]
    },
    {
      "mode": "managed",
      "type": "aws_lb_target_group",
      "name": "control_plane_api",
      "provider": "provider.aws",
      "instances": [
        {
          "schema_version": 0,
          "attributes": {
            "arn": "arn:aws:elasticloadbalancing:us-west-2:095985447969:targetgroup/udagram-app-api/600a8761e49255c0",
            "arn_suffix": "targetgroup/udagram-app-api/600a8761e49255c0",
            "deregistration_delay": 300,
            "health_check": [
              {
                "enabled": true,
                "healthy_threshold": 3,
                "interval": 30,
                "matcher": "",
                "path": "",
                "port": "traffic-port",
                "protocol": "TCP",
                "timeout": 10,
                "unhealthy_threshold": 3
              }
            ],
            "id": "arn:aws:elasticloadbalancing:us-west-2:095985447969:targetgroup/udagram-app-api/600a8761e49255c0",
            "lambda_multi_value_headers_enabled": false,
            "name": "udagram-app-api",
            "name_prefix": null,
            "port": 6443,
            "protocol": "TCP",
            "proxy_protocol_v2": false,
            "slow_start": 0,
            "stickiness": [],
            "tags": null,
            "target_type": "instance",
            "vpc_id": "vpc-37f6664f"
          },
          "private": "bnVsbA=="
        }
      ]
    },
    {
      "mode": "managed",
      "type": "aws_lb_target_group_attachment",
      "name": "control_plane_api",
      "each": "list",
      "provider": "provider.aws",
      "instances": [
        {
          "index_key": 0,
          "schema_version": 0,
          "attributes": {
            "availability_zone": null,
            "id": "arn:aws:elasticloadbalancing:us-west-2:095985447969:targetgroup/udagram-app-api/600a8761e49255c0-20200221030610324500000003",
            "port": 6443,
            "target_group_arn": "arn:aws:elasticloadbalancing:us-west-2:095985447969:targetgroup/udagram-app-api/600a8761e49255c0",
            "target_id": "i-0f70893a2838f2059"
          },
          "private": "bnVsbA==",
          "depends_on": [
            "aws_instance.control_plane",
            "aws_lb_target_group.control_plane_api"
          ]
        },
        {
          "index_key": 1,
          "schema_version": 0,
          "attributes": {
            "availability_zone": null,
            "id": "arn:aws:elasticloadbalancing:us-west-2:095985447969:targetgroup/udagram-app-api/600a8761e49255c0-20200221030610253600000001",
            "port": 6443,
            "target_group_arn": "arn:aws:elasticloadbalancing:us-west-2:095985447969:targetgroup/udagram-app-api/600a8761e49255c0",
            "target_id": "i-069aaa36dfd261a5b"
          },
          "private": "bnVsbA==",
          "depends_on": [
            "aws_instance.control_plane",
            "aws_lb_target_group.control_plane_api"
          ]
        },
        {
          "index_key": 2,
          "schema_version": 0,
          "attributes": {
            "availability_zone": null,
            "id": "arn:aws:elasticloadbalancing:us-west-2:095985447969:targetgroup/udagram-app-api/600a8761e49255c0-20200221030610291700000002",
            "port": 6443,
            "target_group_arn": "arn:aws:elasticloadbalancing:us-west-2:095985447969:targetgroup/udagram-app-api/600a8761e49255c0",
            "target_id": "i-0281c3b5ff230f600"
          },
          "private": "bnVsbA==",
          "depends_on": [
            "aws_instance.control_plane",
            "aws_lb_target_group.control_plane_api"
          ]
        }
      ]
    },
    {
      "mode": "managed",
      "type": "aws_security_group",
      "name": "common",
      "provider": "provider.aws",
      "instances": [
        {
          "schema_version": 1,
          "attributes": {
            "arn": "arn:aws:ec2:us-west-2:095985447969:security-group/sg-08b921093874876b7",
            "description": "cluster common rules",
            "egress": [
              {
                "cidr_blocks": [
                  "0.0.0.0/0"
                ],
                "description": "",
                "from_port": 0,
                "ipv6_cidr_blocks": [],
                "prefix_list_ids": [],
                "protocol": "-1",
                "security_groups": [],
                "self": false,
                "to_port": 0
              }
            ],
            "id": "sg-08b921093874876b7",
            "ingress": [
              {
                "cidr_blocks": [
                  "0.0.0.0/0"
                ],
                "description": "",
                "from_port": 22,
                "ipv6_cidr_blocks": [],
                "prefix_list_ids": [],
                "protocol": "tcp",
                "security_groups": [],
                "self": false,
                "to_port": 22
              },
              {
                "cidr_blocks": [],
                "description": "",
                "from_port": 0,
                "ipv6_cidr_blocks": [],
                "prefix_list_ids": [],
                "protocol": "-1",
                "security_groups": [],
                "self": true,
                "to_port": 0
              }
            ],
            "name": "udagram-app-common",
            "name_prefix": null,
            "owner_id": "095985447969",
            "revoke_rules_on_delete": false,
            "tags": {
              "kubernetes.io/cluster/udagram-app": "shared"
            },
            "timeouts": null,
            "vpc_id": "vpc-37f6664f"
          },
          "private": "eyJlMmJmYjczMC1lY2FhLTExZTYtOGY4OC0zNDM2M2JjN2M0YzAiOnsiY3JlYXRlIjo2MDAwMDAwMDAwMDAsImRlbGV0ZSI6NjAwMDAwMDAwMDAwfSwic2NoZW1hX3ZlcnNpb24iOiIxIn0="
        }
      ]
    },
    {
      "mode": "managed",
      "type": "aws_security_group",
      "name": "control_plane",
      "provider": "provider.aws",
      "instances": [
        {
          "schema_version": 1,
          "attributes": {
            "arn": "arn:aws:ec2:us-west-2:095985447969:security-group/sg-0807dddcf5d28200f",
            "description": "cluster control_planes",
            "egress": [],
            "id": "sg-0807dddcf5d28200f",
            "ingress": [
              {
                "cidr_blocks": [
                  "0.0.0.0/0"
                ],
                "description": "",
                "from_port": 6443,
                "ipv6_cidr_blocks": [],
                "prefix_list_ids": [],
                "protocol": "tcp",
                "security_groups": [],
                "self": false,
                "to_port": 6443
              }
            ],
            "name": "udagram-app-control_planes",
            "name_prefix": null,
            "owner_id": "095985447969",
            "revoke_rules_on_delete": false,
            "tags": {
              "kubernetes.io/cluster/udagram-app": "shared"
            },
            "timeouts": null,
            "vpc_id": "vpc-37f6664f"
          },
          "private": "eyJlMmJmYjczMC1lY2FhLTExZTYtOGY4OC0zNDM2M2JjN2M0YzAiOnsiY3JlYXRlIjo2MDAwMDAwMDAwMDAsImRlbGV0ZSI6NjAwMDAwMDAwMDAwfSwic2NoZW1hX3ZlcnNpb24iOiIxIn0="
        }
      ]
    }
  ]
}
